
Microsoft Visual Studio Solution File, Format Version 12.00
# Visual Studio Version 17
VisualStudioVersion = 17.9.34607.119
MinimumVisualStudioVersion = 10.0.40219.1
Project("{FAE04EC0-301F-11D3-BF4B-00C04F79EFBC}") = "AdminDashboardMVC", "AdminDashboardMVC.csproj", "{5FE52E87-46A8-41E9-8ECD-4B7EF488B2E4}"
EndProject
Global
	GlobalSection(SolutionConfigurationPlatforms) = preSolution
		Debug|Any CPU = Debug|Any CPU
		Release|Any CPU = Release|Any CPU
	EndGlobalSection
	GlobalSection(ProjectConfigurationPlatforms) = postSolution
		{5FE52E87-46A8-41E9-8ECD-4B7EF488B2E4}.Debug|Any CPU.ActiveCfg = Debug|Any CPU
		{5FE52E87-46A8-41E9-8ECD-4B7EF488B2E4}.Debug|Any CPU.Build.0 = Debug|Any CPU
		{5FE52E87-46A8-41E9-8ECD-4B7EF488B2E4}.Release|Any CPU.ActiveCfg = Release|Any CPU
		{5FE52E87-46A8-41E9-8ECD-4B7EF488B2E4}.Release|Any CPU.Build.0 = Release|Any CPU
	EndGlobalSection
	GlobalSection(SolutionProperties) = preSolution
		HideSolutionNode = FALSE
	EndGlobalSection
	GlobalSection(ExtensibilityGlobals) = postSolution
		SolutionGuid = {92F3C84C-2FFF-4C93-93A5-9FD9293CC2B7}
	EndGlobalSection
EndGlobal
